
Microsoft Visual Studio Solution File, Format Version 12.00
# Visual Studio Version 16
VisualStudioVersion = 16.0.810.20
MinimumVisualStudioVersion = 10.0.40219.1
Project("{FAE04EC0-301F-11D3-BF4B-00C04F79EFBC}") = "TTT.NET", "TTT.NET\TTT.NET.csproj", "{2001BAEF-1D2F-4A0B-81A8-3EE7509974B2}"
EndProject
Global
	GlobalSection(SolutionConfigurationPlatforms) = preSolution
		Debug|Any CPU = Debug|Any CPU
		Release|Any CPU = Release|Any CPU
	EndGlobalSection
	GlobalSection(ProjectConfigurationPlatforms) = postSolution
		{2001BAEF-1D2F-4A0B-81A8-3EE7509974B2}.Debug|Any CPU.ActiveCfg = Debug|Any CPU
		{2001BAEF-1D2F-4A0B-81A8-3EE7509974B2}.Debug|Any CPU.Build.0 = Debug|Any CPU
		{2001BAEF-1D2F-4A0B-81A8-3EE7509974B2}.Release|Any CPU.ActiveCfg = Release|Any CPU
		{2001BAEF-1D2F-4A0B-81A8-3EE7509974B2}.Release|Any CPU.Build.0 = Release|Any CPU
	EndGlobalSection
	GlobalSection(SolutionProperties) = preSolution
		HideSolutionNode = FALSE
	EndGlobalSection
	GlobalSection(ExtensibilityGlobals) = postSolution
		SolutionGuid = {4A6C914C-35CB-4DE5-995C-C90127E466EE}
	EndGlobalSection
	GlobalSection(MonoDevelopProperties) = preSolution
		Policies = $0
		$0.DotNetNamingPolicy = $1
		$1.DirectoryNamespaceAssociation = PrefixedHierarchical
	EndGlobalSection
EndGlobal
